filippo.io/edwards25519 v1.1.0 h1:FNf4tywRC1HmFuKW5xopWpigGjJKiJSV0Cqo0cJWDaA=
filippo.io/edwards25519 v1.1.0/go.mod h1:BxyFTGdWcka3PhytdK4V28tE5sGfRvvvRV7EaN4VDT4=
github.com/alexedwards/scs/pgxstore v0.0.0-20250417082927-ab20b3feb5e9 h1:waHKgIePzsCMcYqKbTP31GuxOl+nSmLgmq1H4uC5xJc=
github.com/alexedwards/scs/pgxstore v0.0.0-20250417082927-ab20b3feb5e9/go.mod h1:hwveArYcjyOK66EViVgVU5Iqj7zyEsWjKXMQhDJrTLI=
github.com/alexedwards/scs/sqlite3store v0.0.0-20250417082927-ab20b3feb5e9 h1:K7oAtwxIjE1S58LxJiD6FxAjnhLYTpOSAJ0Pbl168Ds=
github.com/alexedwards/scs/sqlite3store v0.0.0-20250417082927-ab20b3feb5e9/go.mod h1:Iyk7S76cxGaiEX/mSYmTZzYehp4KfyylcLaV3OnToss=
github.com/alexedwards/scs/v2 v2.9.0 h1:xa05mVpwTBm1iLeTMNFfAWpKUm4fXAW7CeAViqBVS90=
github.com/alexedwards/scs/v2 v2.9.0/go.mod h1:ToaROZxyKukJKT/xLcVQAChi5k6+Pn1Gvmdl7h3RRj8=
github.com/aws/aws-sdk-go-v2 v1.39.4 h1:qTsQKcdQPHnfGYBBs+Btl8QwxJeoWcOcPcixK90mRhg=
github.com/aws/aws-sdk-go-v2 v1.39.4/go.mod h1:yWSxrnioGUZ4WVv9TgMrNUeLV3PFESn/v+6T/Su8gnM=
github.com/aws/aws-sdk-go-v2/aws/protocol/eventstream v1.7.2 h1:t9yYsydLYNBk9cJ73rgPhPWqOh/52fcWDQB5b1JsKSY=
github.com/aws/aws-sdk-go-v2/aws/protocol/eventstream v1.7.2/go.mod h1:IusfVNTmiSN3t4rhxWFaBAqn+mcNdwKtPcV16eYdgko=
github.com/aws/aws-sdk-go-v2/config v1.31.13 h1:wcqQB3B0PgRPUF5ZE/QL1JVOyB0mbPevHFoAMpemR9k=
github.com/aws/aws-sdk-go-v2/config v1.31.13/go.mod h1:ySB5D5ybwqGbT6c3GszZ+u+3KvrlYCUQNo62+hkKOFk=
github.com/aws/aws-sdk-go-v2/credentials v1.18.17 h1:skpEwzN/+H8cdrrtT8y+rvWJGiWWv0DeNAe+4VTf+Vs=
github.com/aws/aws-sdk-go-v2/credentials v1.18.17/go.mod h1:Ed+nXsaYa5uBINovJhcAWkALvXw2ZLk36opcuiSZfJM=
github.com/aws/aws-sdk-go-v2/feature/ec2/imds v1.18.10 h1:UuGVOX48oP4vgQ36oiKmW9RuSeT8jlgQgBFQD+HUiHY=
github.com/aws/aws-sdk-go-v2/feature/ec2/imds v1.18.10/go.mod h1:vM/Ini41PzvudT4YkQyE/+WiQJiQ6jzeDyU8pQKwCac=
github.com/aws/aws-sdk-go-v2/internal/configsources v1.4.11 h1:7AANQZkF3ihM8fbdftpjhken0TP9sBzFbV/Ze/Y4HXA=
github.com/aws/aws-sdk-go-v2/internal/configsources v1.4.11/go.mod h1:NTF4QCGkm6fzVwncpkFQqoquQyOolcyXfbpC98urj+c=
github.com/aws/aws-sdk-go-v2/internal/endpoints/v2 v2.7.11 h1:ShdtWUZT37LCAA4Mw2kJAJtzaszfSHFb5n25sdcv4YE=
github.com/aws/aws-sdk-go-v2/internal/endpoints/v2 v2.7.11/go.mod h1:7bUb2sSr2MZ3M/N+VyETLTQtInemHXb/Fl3s8CLzm0Y=
github.com/aws/aws-sdk-go-v2/internal/ini v1.8.4 h1:WKuaxf++XKWlHWu9ECbMlha8WOEGm0OUEZqm4K/Gcfk=
github.com/aws/aws-sdk-go-v2/internal/ini v1.8.4/go.mod h1:ZWy7j6v1vWGmPReu0iSGvRiise4YI5SkR3OHKTZ6Wuc=
github.com/aws/aws-sdk-go-v2/internal/v4a v1.4.11 h1:bKgSxk1TW//00PGQqYmrq83c+2myGidEclp+t9pPqVI=
github.com/aws/aws-sdk-go-v2/internal/v4a v1.4.11/go.mod h1:vrPYCQ6rFHL8jzQA8ppu3gWX18zxjLIDGTeqDxkBmSI=
github.com/aws/aws-sdk-go-v2/service/internal/accept-encoding v1.13.2 h1:xtuxji5CS0JknaXoACOunXOYOQzgfTvGAc9s2QdCJA4=
github.com/aws/aws-sdk-go-v2/service/internal/accept-encoding v1.13.2/go.mod h1:zxwi0DIR0rcRcgdbl7E2MSOvxDyyXGBlScvBkARFaLQ=
github.com/aws/aws-sdk-go-v2/service/internal/checksum v1.9.2 h1:DGFpGybmutVsCuF6vSuLZ25Vh55E3VmsnJmFfjeBx4M=
github.com/aws/aws-sdk-go-v2/service/internal/checksum v1.9.2/go.mod h1:hm/wU1HDvXCFEDzOLorQnZZ/CVvPXvWEmHMSmqgQRuA=
github.com/aws/aws-sdk-go-v2/service/internal/presigned-url v1.13.11 h1:GpMf3z2KJa4RnJ0ew3Hac+hRFYLZ9DDjfgXjuW+pB54=
github.com/aws/aws-sdk-go-v2/service/internal/presigned-url v1.13.11/go.mod h1:6MZP3ZI4QQsgUCFTwMZA2V0sEriNQ8k2hmoHF3qjimQ=
github.com/aws/aws-sdk-go-v2/service/internal/s3shared v1.19.11 h1:weapBOuuFIBEQ9OX/NVW3tFQCvSutyjZYk/ga5jDLPo=
github.com/aws/aws-sdk-go-v2/service/internal/s3shared v1.19.11/go.mod h1:3C1gN4FmIVLwYSh8etngUS+f1viY6nLCDVtZmrFbDy0=
github.com/aws/aws-sdk-go-v2/service/s3 v1.88.7 h1:Wer3W0GuaedWT7dv/PiWNZGSQFSTcBY2rZpbiUp5xcA=
github.com/aws/aws-sdk-go-v2/service/s3 v1.88.7/go.mod h1:UHKgcRSx8PVtvsc1Poxb/Co3PD3wL7P+f49P0+cWtuY=
github.com/aws/aws-sdk-go-v2/service/sso v1.29.7 h1:fspVFg6qMx0svs40YgRmE7LZXh9VRZvTT35PfdQR6FM=
github.com/aws/aws-sdk-go-v2/service/sso v1.29.7/go.mod h1:BQTKL3uMECaLaUV3Zc2L4Qybv8C6BIXjuu1dOPyxTQs=
github.com/aws/aws-sdk-go-v2/service/ssooidc v1.35.2 h1:scVnW+NLXasGOhy7HhkdT9AGb6kjgW7fJ5xYkUaqHs0=
github.com/aws/aws-sdk-go-v2/service/ssooidc v1.35.2/go.mod h1:FRNCY3zTEWZXBKm2h5UBUPvCVDOecTad9KhynDyGBc0=
github.com/aws/aws-sdk-go-v2/service/sts v1.38.7 h1:VEO5dqFkMsl8QZ2yHsFDJAIZLAkEbaYDB+xdKi0Feic=
github.com/aws/aws-sdk-go-v2/service/sts v1.38.7/go.mod h1:L1xxV3zAdB+qVrVW/pBIrIAnHFWHo6FBbFe4xOGsG/o=
github.com/aws/smithy-go v1.23.1 h1:sLvcH6dfAFwGkHLZ7dGiYF7aK6mg4CgKA/iDKjLDt9M=
github.com/aws/smithy-go v1.23.1/go.mod h1:LEj2LM3rBRQJxPZTB4KuzZkaZYnZPnvgIhb4pu07mx0=
github.com/cenkalti/backoff/v4 v4.3.0 h1:MyRJ/UdXutAwSAT+s3wNd7MfTIcy71VQueUuFK343L8=
github.com/cenkalti/backoff/v4 v4.3.0/go.mod h1:Y3VNntkOUPxTVeUxJ/G5vcM//AlwfmyYozVcomhLiZE=
github.com/creack/pty v1.1.9/go.mod h1:oKZEueFk5CKHvIhNR5MUki03XCEU+Q6VDXinZuGJ33E=
github.com/davecgh/go-spew v1.1.0/go.mod h1:J7Y8YcW2NihsgmVo/mv3lAwl/skON4iLHjSsI+c5H38=
github.com/davecgh/go-spew v1.1.1 h1:vj9j/u1bqnvCEfJOwUhtlOARqs3+rkHYY13jYWTU97c=
github.com/davecgh/go-spew v1.1.1/go.mod h1:J7Y8YcW2NihsgmVo/mv3lAwl/skON4iLHjSsI+c5H38=
github.com/felixge/httpsnoop v1.0.4 h1:NFTV2Zj1bL4mc9sqWACXbQFVBBg2W3GPvqp8/ESS2Wg=
github.com/felixge/httpsnoop v1.0.4/go.mod h1:m8KPJKqk1gH5J9DgRY2ASl2lWCfGKXixSwevea8zH2U=
github.com/go-chi/chi/v5 v5.2.3 h1:WQIt9uxdsAbgIYgid+BpYc+liqQZGMHRaUwp0JUcvdE=
github.com/go-chi/chi/v5 v5.2.3/go.mod h1:L2yAIGWB3H+phAw1NxKwWM+7eUH/lU8pOMm5hHcoops=
github.com/go-logr/logr v1.2.2/go.mod h1:jdQByPbusPIv2/zmleS9BjJVeZ6kBagPoEUsqbVz/1A=
github.com/go-logr/logr v1.4.3 h1:CjnDlHq8ikf6E492q6eKboGOC0T8CDaOvkHCIg8idEI=
github.com/go-logr/logr v1.4.3/go.mod h1:9T104GzyrTigFIr8wt5mBrctHMim0Nb2HLGrmQ40KvY=
github.com/go-logr/stdr v1.2.2 h1:hSWxHoqTgW2S2qGc0LTAI563KZ5YKYRhT3MFKZMbjag=
github.com/go-logr/stdr v1.2.2/go.mod h1:mMo/vtBO5dYbehREoey6XUKy/eSumjCCveDpRre4VKE=
github.com/go-ole/go-ole v1.2.6/go.mod h1:pprOEPIfldk/42T2oK7lQ4v4JSDwmV0As9GaiUsvbm0=
github.com/go-ole/go-ole v1.3.0 h1:Dt6ye7+vXGIKZ7Xtk4s6/xVdGDQynvom7xCFEdWr6uE=
github.com/go-ole/go-ole v1.3.0/go.mod h1:5LS6F96DhAwUc7C+1HLexzMXY1xGRSryjyPPKW6zv78=
github.com/go-sql-driver/mysql v1.8.1 h1:LedoTUt/eveggdHS9qUFC1EFSa8bU2+1pZjSRpvNJ1Y=
github.com/go-sql-driver/mysql v1.8.1/go.mod h1:wEBSXgmK//2ZFJyE+qWnIsVGmvmEKlqwuVSjsCm7DZg=
github.com/google/go-cmp v0.6.0/go.mod h1:17dUlkBOakJ0+DkrSSNjCkIjxS6bF9zb3elmeNGIjoY=
github.com/google/go-cmp v0.7.0 h1:wk8382ETsv4JYUZwIsn6YpYiWiBsYLSJiTsyBybVuN8=
github.com/google/go-cmp v0.7.0/go.mod h1:pXiqmnSA92OHEEa9HXL2W4E7lf9JzCmGVUdgjX3N/iU=
github.com/google/uuid v1.6.0 h1:NIvaJDMOsjHA8n1jAhLSgzrAzy1Hgr+hNrb57e+94F0=
github.com/google/uuid v1.6.0/go.mod h1:TIyPZe4MgqvfeYDBFedMoGGpEw/LqOeaOT+nhxU+yHo=
github.com/grpc-ecosystem/grpc-gateway/v2 v2.20.0 h1:bkypFPDjIYGfCYD5mRBvpqxfYX1YCS1PXdKYWi8FsN0=
github.com/grpc-ecosystem/grpc-gateway/v2 v2.20.0/go.mod h1:P+Lt/0by1T8bfcF3z737NnSbmxQAppXMRziHUxPOC8k=
github.com/honeycombio/otel-config-go v1.17.0 h1:3/zig0L3IGnfgiCrEfAwBsM0rF57+TKTyJ/a8yqW2eM=
github.com/honeycombio/otel-config-go v1.17.0/go.mod h1:g2mMdfih4sYKfXBtz2mNGvo3HiQYqX4Up4pdA8JOF2s=
github.com/jackc/chunkreader/v2 v2.0.1 h1:i+RDz65UE+mmpjTfyz0MoVTnzeYxroil2G82ki7MGG8=
github.com/jackc/chunkreader/v2 v2.0.1/go.mod h1:odVSm741yZoC3dpHEUXIqA9tQRhFrgOHwnPIn9lDKlk=
github.com/jackc/pgconn v1.14.3 h1:bVoTr12EGANZz66nZPkMInAV/KHD2TxH9npjXXgiB3w=
github.com/jackc/pgconn v1.14.3/go.mod h1:RZbme4uasqzybK2RK5c65VsHxoyaml09lx3tXOcO/VM=
github.com/jackc/pgio v1.0.0 h1:g12B9UwVnzGhueNavwioyEEpAmqMe1E/BN9ES+8ovkE=
github.com/jackc/pgio v1.0.0/go.mod h1:oP+2QK2wFfUWgr+gxjoBH9KGBb31Eio69xUb0w5bYf8=
github.com/jackc/pgpassfile v1.0.0 h1:/6Hmqy13Ss2zCq62VdNG8tM1wchn8zjSGOBJ6icpsIM=
github.com/jackc/pgpassfile v1.0.0/go.mod h1:CEx0iS5ambNFdcRtxPj5JhEz+xB6uRky5eyVu/W2HEg=
github.com/jackc/pgproto3/v2 v2.3.3 h1:1HLSx5H+tXR9pW3in3zaztoEwQYRC9SQaYUHjTSUOag=
github.com/jackc/pgproto3/v2 v2.3.3/go.mod h1:WfJCnwN3HIg9Ish/j3sgWXnAfK8A9Y0bwXYU5xKaEdA=
github.com/jackc/pgservicefile v0.0.0-20221227161230-091c0ba34f0a/go.mod h1:5TJZWKEWniPve33vlWYSoGYefn3gLQRzjfDlhSJ9ZKM=
github.com/jackc/pgservicefile v0.0.0-20240606120523-5a60cdf6a761 h1:iCEnooe7UlwOQYpKFhBabPMi4aNAfoODPEFNiAnClxo=
github.com/jackc/pgservicefile v0.0.0-20240606120523-5a60cdf6a761/go.mod h1:5TJZWKEWniPve33vlWYSoGYefn3gLQRzjfDlhSJ9ZKM=
github.com/jackc/pgtype v1.14.0 h1:y+xUdabmyMkJLyApYuPj38mW+aAIqCe5uuBB51rH3Vw=
github.com/jackc/pgtype v1.14.0/go.mod h1:LUMuVrfsFfdKGLw+AFFVv6KtHOFMwRgDDzBt76IqCA4=
github.com/jackc/pgx/v4 v4.18.3 h1:dE2/TrEsGX3RBprb3qryqSV9Y60iZN1C6i8IrmW9/BA=
github.com/jackc/pgx/v4 v4.18.3/go.mod h1:Ey4Oru5tH5sB6tV7hDmfWFahwF15Eb7DNXlRKx2CkVw=
github.com/jackc/pgx/v5 v5.5.4/go.mod h1:ez9gk+OAat140fv9ErkZDYFWmXLfV+++K0uAOiwgm1A=
github.com/jackc/pgx/v5 v5.7.6 h1:rWQc5FwZSPX58r1OQmkuaNicxdmExaEz5A2DO2hUuTk=
github.com/jackc/pgx/v5 v5.7.6/go.mod h1:aruU7o91Tc2q2cFp5h4uP3f6ztExVpyVv88Xl/8Vl8M=
github.com/jackc/puddle/v2 v2.2.1/go.mod h1:vriiEXHvEE654aYKXXjOvZM39qJ0q+azkZFrfEOc3H4=
github.com/jackc/puddle/v2 v2.2.2 h1:PR8nw+E/1w0GLuRFSmiioY6UooMp6KJv0/61nB7icHo=
github.com/jackc/puddle/v2 v2.2.2/go.mod h1:vriiEXHvEE654aYKXXjOvZM39qJ0q+azkZFrfEOc3H4=
github.com/jmoiron/sqlx v1.4.0 h1:1PLqN7S1UYp5t4SrVVnt4nUVNemrDAtxlulVe+Qgm3o=
github.com/jmoiron/sqlx v1.4.0/go.mod h1:ZrZ7UsYB/weZdl2Bxg6jCRO9c3YHl8r3ahlKmRT4JLY=
github.com/justincampbell/bigduration v0.0.0-20160531141349-e45bf03c0666 h1:abLciEiilfMf19Q1TFWDrp9j5z5one60dnnpvc6eabg=
github.com/justincampbell/bigduration v0.0.0-20160531141349-e45bf03c0666/go.mod h1:xqGOmDZzLOG7+q/CgsbXv10g4tgPsbjhmAxyaTJMvis=
github.com/justincampbell/timeago v0.0.0-20160528003754-027f40306f1d h1:qtCcYJK2bebPXEC8Wy+enYxQqmWnT6jlVTHnDGpwvkc=
github.com/justincampbell/timeago v0.0.0-20160528003754-027f40306f1d/go.mod h1:U7FWcK1jzZJnYuSnxP6efX3ZoHbK1CEpD0ThYyGNPNI=
github.com/kr/pretty v0.1.0/go.mod h1:dAy3ld7l9f0ibDNOQOHHMYYIIbhfbHSm3C4ZsoJORNo=
github.com/kr/pretty v0.2.1/go.mod h1:ipq/a2n7PKx3OHsz4KJII5eveXtPO4qwEXGdVfWzfnI=
github.com/kr/pretty v0.3.0/go.mod h1:640gp4NfQd8pI5XOwp5fnNeVWj67G7CFk/SaSQn7NBk=
github.com/kr/pty v1.1.1/go.mod h1:pFQYn66WHrOpPYNljwOMqo10TkYh1fy3cYio2l3bCsQ=
github.com/kr/text v0.1.0/go.mod h1:4Jbv+DJW3UT/LiOwJeYQe1efqtUx/iVham/4vfdArNI=
github.com/kr/text v0.2.0/go.mod h1:eLer722TekiGuMkidMxC/pM04lWEeraHUUmBw8l2grE=
github.com/lib/pq v1.10.9 h1:YXG7RB+JIjhP29X+OtkiDnYaXQwpS4JEWq7dtCCRUEw=
github.com/lib/pq v1.10.9/go.mod h1:AlVN5x4E4T544tWzH6hKfbfQvm3HdbOxrmggDNAPY9o=
github.com/lufia/plan9stats v0.0.0-20240513124658-fba389f38bae h1:dIZY4ULFcto4tAFlj1FYZl8ztUZ13bdq+PLY+NOfbyI=
github.com/lufia/plan9stats v0.0.0-20240513124658-fba389f38bae/go.mod h1:ilwx/Dta8jXAgpFYFvSWEMwxmbWXyiUHkd5FwyKhb5k=
github.com/mattn/go-sqlite3 v1.14.6/go.mod h1:NyWgC/yNuGj7Q9rpYnZvas74GogHl5/Z4A/KQRfk6bU=
github.com/mattn/go-sqlite3 v1.14.22/go.mod h1:Uh1q+B4BYcTPb+yiD3kU8Ct7aC0hY9fxUwlHK0RXw+Y=
github.com/mattn/go-sqlite3 v1.14.32 h1:JD12Ag3oLy1zQA+BNn74xRgaBbdhbNIDYvQUEuuErjs=
github.com/mattn/go-sqlite3 v1.14.32/go.mod h1:Uh1q+B4BYcTPb+yiD3kU8Ct7aC0hY9fxUwlHK0RXw+Y=
github.com/mileusna/useragent v1.3.5 h1:SJM5NzBmh/hO+4LGeATKpaEX9+b4vcGg2qXGLiNGDws=
github.com/mileusna/useragent v1.3.5/go.mod h1:3d8TOmwL/5I8pJjyVDteHtgDGcefrFUX4ccGOMKNYYc=
github.com/mitchellh/mapstructure v1.5.0 h1:jeMsZIYE/09sWLaz43PL7Gy6RuMjD2eJVyuac5Z2hdY=
github.com/mitchellh/mapstructure v1.5.0/go.mod h1:bFUtVrKA4DC2yAKiSyO/QUcy7e+RRV2QTWOzhPopBRo=
github.com/pmezard/go-difflib v1.0.0 h1:4DBwDE0NGyQoBHbLQYPwSUPoCMWR5BEzIk/f1lZbAQM=
github.com/pmezard/go-difflib v1.0.0/go.mod h1:iKH77koFhYxTK1pcRnkKkqfTogsbg7gZNVY4sRDYZ/4=
github.com/power-devops/perfstat v0.0.0-20240221224432-82ca36839d55 h1:o4JXh1EVt9k/+g42oCprj/FisM4qX9L3sZB3upGN2ZU=
github.com/power-devops/perfstat v0.0.0-20240221224432-82ca36839d55/go.mod h1:OmDBASR4679mdNQnz2pUhc2G8CO2JrUAVFDRBDP/hJE=
github.com/rogpeppe/go-internal v1.6.1/go.mod h1:xXDCJY+GAPziupqXw64V24skbSoqbTEfhy4qGm1nDQc=
github.com/sethvargo/go-envconfig v1.1.0 h1:cWZiJxeTm7AlCvzGXrEXaSTCNgip5oJepekh/BOQuog=
github.com/sethvargo/go-envconfig v1.1.0/go.mod h1:JLd0KFWQYzyENqnEPWWZ49i4vzZo/6nRidxI8YvGiHw=
github.com/shirou/gopsutil/v4 v4.24.6 h1:9qqCSYF2pgOU+t+NgJtp7Co5+5mHF/HyKBUckySQL64=
github.com/shirou/gopsutil/v4 v4.24.6/go.mod h1:aoebb2vxetJ/yIDZISmduFvVNPHqXQ9SEJwRXxkf0RA=
github.com/shoenig/go-m1cpu v0.1.6 h1:nxdKQNcEB6vzgA2E2bvzKIYRuNj7XNJ4S/aRSwKzFtM=
github.com/shoenig/go-m1cpu v0.1.6/go.mod h1:1JJMcUBvfNwpq05QDQVAnx3gUHr9IYF7GNg9SUEw2VQ=
github.com/shoenig/test v0.6.4 h1:kVTaSd7WLz5WZ2IaoM0RSzRsUD+m8wRR+5qvntpn4LU=
github.com/shoenig/test v0.6.4/go.mod h1:byHiCGXqrVaflBLAMq/srcZIHynQPQgeyvkvXnjqq0k=
github.com/stretchr/objx v0.1.0/go.mod h1:HFkY916IF+rwdDfMAkV7OtwuqBVzrE8GR6GFx+wExME=
github.com/stretchr/objx v0.4.0/go.mod h1:YvHI0jy2hoMjB+UWwv71VJQ9isScKT/TqJzVSSt89Yw=
github.com/stretchr/objx v0.5.0/go.mod h1:Yh+to48EsGEfYuaHDzXPcE3xhTkx73EhmCGUpEOglKo=
github.com/stretchr/testify v1.3.0/go.mod h1:M5WIy9Dh21IEIfnGCwXGc5bZfKNJtfHm1UVUgZn+9EI=
github.com/stretchr/testify v1.7.0/go.mod h1:6Fq8oRcR53rry900zMqJjRRixrwX3KX962/h/Wwjteg=
github.com/stretchr/testify v1.7.1/go.mod h1:6Fq8oRcR53rry900zMqJjRRixrwX3KX962/h/Wwjteg=
github.com/stretchr/testify v1.8.0/go.mod h1:yNjHg4UonilssWZ8iaSj1OCr/vHnekPRkoO+kdMU+MU=
github.com/stretchr/testify v1.8.1/go.mod h1:w2LPCIKwWwSfY2zedu0+kehJoqGctiVI29o6fzry7u4=
github.com/stretchr/testify v1.11.1 h1:7s2iGBzp5EwR7/aIZr8ao5+dra3wiQyKjjFuvgVKu7U=
github.com/stretchr/testify v1.11.1/go.mod h1:wZwfW3scLgRK+23gO65QZefKpKQRnfz6sD981Nm4B6U=
github.com/tklauser/go-sysconf v0.3.14 h1:g5vzr9iPFFz24v2KZXs/pvpvh8/V9Fw6vQK5ZZb78yU=
github.com/tklauser/go-sysconf v0.3.14/go.mod h1:1ym4lWMLUOhuBOPGtRcJm7tEGX4SCYNEEEtghGG/8uY=
github.com/tklauser/numcpus v0.8.0 h1:Mx4Wwe/FjZLeQsK/6kt2EOepwwSl7SmJrK5bV/dXYgY=
github.com/tklauser/numcpus v0.8.0/go.mod h1:ZJZlAY+dmR4eut8epnzf0u/VwodKmryxR8txiloSqBE=
github.com/yuin/goldmark v1.4.13/go.mod h1:6yULJ656Px+3vBD8DxQVa3kxgyrAnzto9xy5taEt/CY=
github.com/yusufpapurcu/wmi v1.2.4 h1:zFUKzehAFReQwLys1b/iSMl+JQGSCSjtVqQn9bBrPo0=
github.com/yusufpapurcu/wmi v1.2.4/go.mod h1:SBZ9tNy3G9/m5Oi98Zks0QjeHVDvuK0qfxQmPyzfmi0=
go.opentelemetry.io/auto/sdk v1.1.0 h1:cH53jehLUN6UFLY71z+NDOiNJqDdPRaXzTel0sJySYA=
go.opentelemetry.io/auto/sdk v1.1.0/go.mod h1:3wSPjt5PWp2RhlCcmmOial7AvC4DQqZb7a7wCow3W8A=
go.opentelemetry.io/contrib/detectors/aws/lambda v0.53.0 h1:KG6fOUk3EwSH1dEpsAbsLKFbn3cFwN9xDu8plGu55zI=
go.opentelemetry.io/contrib/detectors/aws/lambda v0.53.0/go.mod h1:bSd579exEkh/P5msRcom8YzVB6NsUxYKyV+D/FYOY7Y=
go.opentelemetry.io/contrib/instrumentation/host v0.53.0 h1:X4r+5n6bSqaQUbPlSO5baoM7tBvipkT0mJFyuPFnPAU=
go.opentelemetry.io/contrib/instrumentation/host v0.53.0/go.mod h1:NTaDj8VCnJxWleEcRQRQaN36+aCZjO9foNIdJunEjUQ=
go.opentelemetry.io/contrib/instrumentation/net/http/otelhttp v0.63.0 h1:RbKq8BG0FI8OiXhBfcRtqqHcZcka+gU3cskNuf05R18=
go.opentelemetry.io/contrib/instrumentation/net/http/otelhttp v0.63.0/go.mod h1:h06DGIukJOevXaj/xrNjhi/2098RZzcLTbc0jDAUbsg=
go.opentelemetry.io/contrib/instrumentation/runtime v0.53.0 h1:nOlJEAJyrcy8hexK65M+dsCHIx7CVVbybcFDNkcTcAc=
go.opentelemetry.io/contrib/instrumentation/runtime v0.53.0/go.mod h1:u79lGGIlkg3Ryw425RbMjEkGYNxSnXRyR286O840+u4=
go.opentelemetry.io/contrib/propagators/b3 v1.28.0 h1:XR6CFQrQ/ttAYmTBX2loUEFGdk1h17pxYI8828dk/1Y=
go.opentelemetry.io/contrib/propagators/b3 v1.28.0/go.mod h1:DWRkzJONLquRz7OJPh2rRbZ7MugQj62rk7g6HRnEqh0=
go.opentelemetry.io/contrib/propagators/ot v1.28.0 h1:rmlG+2pc5k5M7Y7izDrxAHZUIwDERdGMTD9oMV7llMk=
go.opentelemetry.io/contrib/propagators/ot v1.28.0/go.mod h1:MNgXIn+UrMbNGpd7xyckyo2LCHIgCdmdjEE7YNZGG+w=
go.opentelemetry.io/otel v1.38.0 h1:RkfdswUDRimDg0m2Az18RKOsnI8UDzppJAtj01/Ymk8=
go.opentelemetry.io/otel v1.38.0/go.mod h1:zcmtmQ1+YmQM9wrNsTGV/q/uyusom3P8RxwExxkZhjM=
go.opentelemetry.io/otel/exporters/otlp/otlpmetric/otlpmetricgrpc v1.28.0 h1:U2guen0GhqH8o/G2un8f/aG/y++OuW6MyCo6hT9prXk=
go.opentelemetry.io/otel/exporters/otlp/otlpmetric/otlpmetricgrpc v1.28.0/go.mod h1:yeGZANgEcpdx/WK0IvvRFC+2oLiMS2u4L/0Rj2M2Qr0=
go.opentelemetry.io/otel/exporters/otlp/otlpmetric/otlpmetrichttp v1.28.0 h1:aLmmtjRke7LPDQ3lvpFz+kNEH43faFhzW7v8BFIEydg=
go.opentelemetry.io/otel/exporters/otlp/otlpmetric/otlpmetrichttp v1.28.0/go.mod h1:TC1pyCt6G9Sjb4bQpShH+P5R53pO6ZuGnHuuln9xMeE=
go.opentelemetry.io/otel/exporters/otlp/otlptrace v1.28.0 h1:3Q/xZUyC1BBkualc9ROb4G8qkH90LXEIICcs5zv1OYY=
go.opentelemetry.io/otel/exporters/otlp/otlptrace v1.28.0/go.mod h1:s75jGIWA9OfCMzF0xr+ZgfrB5FEbbV7UuYo32ahUiFI=
go.opentelemetry.io/otel/exporters/otlp/otlptrace/otlptracegrpc v1.28.0 h1:R3X6ZXmNPRR8ul6i3WgFURCHzaXjHdm0karRG/+dj3s=
go.opentelemetry.io/otel/exporters/otlp/otlptrace/otlptracegrpc v1.28.0/go.mod h1:QWFXnDavXWwMx2EEcZsf3yxgEKAqsxQ+Syjp+seyInw=
go.opentelemetry.io/otel/exporters/otlp/otlptrace/otlptracehttp v1.28.0 h1:j9+03ymgYhPKmeXGk5Zu+cIZOlVzd9Zv7QIiyItjFBU=
go.opentelemetry.io/otel/exporters/otlp/otlptrace/otlptracehttp v1.28.0/go.mod h1:Y5+XiUG4Emn1hTfciPzGPJaSI+RpDts6BnCIir0SLqk=
go.opentelemetry.io/otel/metric v1.38.0 h1:Kl6lzIYGAh5M159u9NgiRkmoMKjvbsKtYRwgfrA6WpA=
go.opentelemetry.io/otel/metric v1.38.0/go.mod h1:kB5n/QoRM8YwmUahxvI3bO34eVtQf2i4utNVLr9gEmI=
go.opentelemetry.io/otel/sdk v1.38.0 h1:l48sr5YbNf2hpCUj/FoGhW9yDkl+Ma+LrVl8qaM5b+E=
go.opentelemetry.io/otel/sdk v1.38.0/go.mod h1:ghmNdGlVemJI3+ZB5iDEuk4bWA3GkTpW+DOoZMYBVVg=
go.opentelemetry.io/otel/sdk/metric v1.38.0 h1:aSH66iL0aZqo//xXzQLYozmWrXxyFkBJ6qT5wthqPoM=
go.opentelemetry.io/otel/sdk/metric v1.38.0/go.mod h1:dg9PBnW9XdQ1Hd6ZnRz689CbtrUp0wMMs9iPcgT9EZA=
go.opentelemetry.io/otel/trace v1.38.0 h1:Fxk5bKrDZJUH+AMyyIXGcFAPah0oRcT+LuNtJrmcNLE=
go.opentelemetry.io/otel/trace v1.38.0/go.mod h1:j1P9ivuFsTceSWe1oY+EeW3sc+Pp42sO++GHkg4wwhs=
go.opentelemetry.io/proto/otlp v1.3.1 h1:TrMUixzpM0yuc/znrFTP9MMRh8trP93mkCiDVeXrui0=
go.opentelemetry.io/proto/otlp v1.3.1/go.mod h1:0X1WI4de4ZsLrrJNLAQbFeLCm3T7yBkR0XqQ7niQU+8=
go.uber.org/goleak v1.3.0 h1:2K3zAYmnTNqV73imy9J1T3WC+gmCePx2hEGkimedGto=
go.uber.org/goleak v1.3.0/go.mod h1:CoHD4mav9JJNrW/WLlf7HGZPjdw8EucARQHekz1X6bE=
go.uber.org/multierr v1.11.0 h1:blXXJkSxSSfBVBlC76pxqeO+LN3aDfLQo+309xJstO0=
go.uber.org/multierr v1.11.0/go.mod h1:20+QtiLqy0Nd6FdQB9TLXag12DsQkrbs3htMFfDN80Y=
golang.org/x/crypto v0.0.0-20190308221718-c2843e01d9a2/go.mod h1:djNgcEr1/C05ACkg1iLfiJU5Ep61QUkGW8qpdssI0+w=
golang.org/x/crypto v0.0.0-20210921155107-089bfa567519/go.mod h1:GvvjBRRGRdwPK5ydBHafDWAxML/pGHZbMvKqRZ5+Abc=
golang.org/x/crypto v0.17.0/go.mod h1:gCAAfMLgwOJRpTjQ2zCCt2OcSfYMTeZVSRtQlPC7Nq4=
golang.org/x/crypto v0.38.0 h1:jt+WWG8IZlBnVbomuhg2Mdq0+BBQaHbtqHEFEigjUV8=
golang.org/x/crypto v0.38.0/go.mod h1:MvrbAqul58NNYPKnOra203SB9vpuZW0e+RRZV+Ggqjw=
golang.org/x/mod v0.6.0-dev.0.20220419223038-86c51ed26bb4/go.mod h1:jJ57K6gSWd91VN4djpZkiMVwK6gcyfeH4XE8wZrZaV4=
golang.org/x/mod v0.8.0/go.mod h1:iBbtSCu2XBx23ZKBPSOrRkjjQPZFPuis4dIYUhu/chs=
golang.org/x/net v0.0.0-20190620200207-3b0461eec859/go.mod h1:z5CRVTTTmAJ677TzLLGU+0bjPO0LkuOLi4/5GtJWs/s=
golang.org/x/net v0.0.0-20210226172049-e18ecbb05110/go.mod h1:m0MpNAwzfU5UDzcl9v0D8zg8gWTRqZa9RBIspLL5mdg=
golang.org/x/net v0.0.0-20220722155237-a158d28d115b/go.mod h1:XRhObCWvk6IyKnWLug+ECip1KBveYUHfp+8e9klMJ9c=
golang.org/x/net v0.6.0/go.mod h1:2Tu9+aMcznHK/AK1HMvgo6xiTLG5rD5rZLDS+rp2Bjs=
golang.org/x/net v0.10.0/go.mod h1:0qNGK6F8kojg2nk9dLZ2mShWaEBan6FAoqfSigmmuDg=
golang.org/x/net v0.38.0 h1:vRMAPTMaeGqVhG5QyLJHqNDwecKTomGeqbnfZyKlBI8=
golang.org/x/net v0.38.0/go.mod h1:ivrbrMbzFq5J41QOQh0siUuly180yBYtLp+CKbEaFx8=
golang.org/x/sync v0.0.0-20190423024810-112230192c58/go.mod h1:RxMgew5VJxzue5/jJTE5uejpjVlOe/izrB70Jof72aM=
golang.org/x/sync v0.0.0-20220722155255-886fb9371eb4/go.mod h1:RxMgew5VJxzue5/jJTE5uejpjVlOe/izrB70Jof72aM=
golang.org/x/sync v0.1.0/go.mod h1:RxMgew5VJxzue5/jJTE5uejpjVlOe/izrB70Jof72aM=
golang.org/x/sync v0.17.0 h1:l60nONMj9l5drqw6jlhIELNv9I0A4OFgRsG9k2oT9Ug=
golang.org/x/sync v0.17.0/go.mod h1:9KTHXmSnoGruLpwFjVSX0lNNA75CykiMECbovNTZqGI=
golang.org/x/sys v0.0.0-20190215142949-d0b11bdaac8a/go.mod h1:STP8DvDyc/dI5b8T5hshtkjS+E42TnysNCUPdjciGhY=
golang.org/x/sys v0.0.0-20190916202348-b4ddaad3f8a3/go.mod h1:h1NjWce9XRLGQEsW7wpKNCjG9DtNlClVuFLEZdDNbEs=
golang.org/x/sys v0.0.0-20201119102817-f84b799fce68/go.mod h1:h1NjWce9XRLGQEsW7wpKNCjG9DtNlClVuFLEZdDNbEs=
golang.org/x/sys v0.0.0-20201204225414-ed752295db88/go.mod h1:h1NjWce9XRLGQEsW7wpKNCjG9DtNlClVuFLEZdDNbEs=
golang.org/x/sys v0.0.0-20210615035016-665e8c7367d1/go.mod h1:oPkhp1MJrh7nUepCBck5+mAzfO9JrbApNNgaTdGDITg=
golang.org/x/sys v0.0.0-20220520151302-bc2c85ada10a/go.mod h1:oPkhp1MJrh7nUepCBck5+mAzfO9JrbApNNgaTdGDITg=
golang.org/x/sys v0.0.0-20220722155257-8c9f86f7a55f/go.mod h1:oPkhp1MJrh7nUepCBck5+mAzfO9JrbApNNgaTdGDITg=
golang.org/x/sys v0.1.0/go.mod h1:oPkhp1MJrh7nUepCBck5+mAzfO9JrbApNNgaTdGDITg=
golang.org/x/sys v0.5.0/go.mod h1:oPkhp1MJrh7nUepCBck5+mAzfO9JrbApNNgaTdGDITg=
golang.org/x/sys v0.8.0/go.mod h1:oPkhp1MJrh7nUepCBck5+mAzfO9JrbApNNgaTdGDITg=
golang.org/x/sys v0.15.0/go.mod h1:/VUhepiaJMQUp4+oa/7Zr1D23ma6VTLIYjOOTFZPUcA=
golang.org/x/sys v0.35.0 h1:vz1N37gP5bs89s7He8XuIYXpyY0+QlsKmzipCbUtyxI=
golang.org/x/sys v0.35.0/go.mod h1:BJP2sWEmIv4KK5OTEluFJCKSidICx8ciO85XgH3Ak8k=
golang.org/x/term v0.0.0-20201126162022-7de9c90e9dd1/go.mod h1:bj7SfCRtBDWHUb9snDiAeCFNEtKQo2Wmx5Cou7ajbmo=
golang.org/x/term v0.0.0-20210927222741-03fcf44c2211/go.mod h1:jbD1KX2456YbFQfuXm/mYQcufACuNUgVhRMnK/tPxf8=
golang.org/x/term v0.5.0/go.mod h1:jMB1sMXY+tzblOD4FWmEbocvup2/aLOaQEp7JmGp78k=
golang.org/x/term v0.8.0/go.mod h1:xPskH00ivmX89bAKVGSKKtLOWNx2+17Eiy94tnKShWo=
golang.org/x/term v0.15.0/go.mod h1:BDl952bC7+uMoWR75FIrCDx79TPU9oHkTZ9yRbYOrX0=
golang.org/x/text v0.3.0/go.mod h1:NqM8EUOU14njkJ3fqMW+pc6Ldnwhi/IjpwHt7yyuwOQ=
golang.org/x/text v0.3.3/go.mod h1:5Zoc/QRtKVWzQhOtBMvqHzDpF6irO9z98xDceosuGiQ=
golang.org/x/text v0.3.7/go.mod h1:u+2+/6zg+i71rQMx5EYifcz6MCKuco9NR6JIITiCfzQ=
golang.org/x/text v0.7.0/go.mod h1:mrYo+phRRbMaCq/xk9113O4dZlRixOauAjOtrjsXDZ8=
golang.org/x/text v0.9.0/go.mod h1:e1OnstbJyHTd6l/uOt8jFFHp6TRDWZR/bV3emEE/zU8=
golang.org/x/text v0.14.0/go.mod h1:18ZOQIKpY8NJVqYksKHtTdi31H5itFRjB5/qKTNYzSU=
golang.org/x/text v0.25.0 h1:qVyWApTSYLk/drJRO5mDlNYskwQznZmkpV2c8q9zls4=
golang.org/x/text v0.25.0/go.mod h1:WEdwpYrmk1qmdHvhkSTNPm3app7v4rsT8F2UD6+VHIA=
golang.org/x/tools v0.0.0-20180917221912-90fa682c2a6e/go.mod h1:n7NCudcB/nEzxVGmLbDWY5pfWTLqBcC2KZ6jyYvM4mQ=
golang.org/x/tools v0.0.0-20191119224855-298f0cb1881e/go.mod h1:b+2E5dAYhXwXZwtnZ6UAqBI28+e2cm9otk0dWdXHAEo=
golang.org/x/tools v0.1.12/go.mod h1:hNGJHUnrk76NpqgfD5Aqm5Crs+Hm0VOH/i9J2+nxYbc=
golang.org/x/tools v0.6.0/go.mod h1:Xwgl3UAJ/d3gWutnCtw505GrjyAbvKui8lOU390QaIU=
golang.org/x/xerrors v0.0.0-20190717185122-a985d3407aa7/go.mod h1:I/5z698sn9Ka8TeJc9MKroUUfqBBauWjQqLJ2OPfmY0=
google.golang.org/genproto/googleapis/api v0.0.0-20240701130421-f6361c86f094 h1:0+ozOGcrp+Y8Aq8TLNN2Aliibms5LEzsq99ZZmAGYm0=
google.golang.org/genproto/googleapis/api v0.0.0-20240701130421-f6361c86f094/go.mod h1:fJ/e3If/Q67Mj99hin0hMhiNyCRmt6BQ2aWIJshUSJw=
google.golang.org/genproto/googleapis/rpc v0.0.0-20240701130421-f6361c86f094 h1:BwIjyKYGsK9dMCBOorzRri8MQwmi7mT9rGHsCEinZkA=
google.golang.org/genproto/googleapis/rpc v0.0.0-20240701130421-f6361c86f094/go.mod h1:Ue6ibwXGpU+dqIcODieyLOcgj7z8+IcskoNIgZxtrFY=
google.golang.org/grpc v1.65.0 h1:bs/cUb4lp1G5iImFFd3u5ixQzweKizoZJAwBNLR42lc=
google.golang.org/grpc v1.65.0/go.mod h1:WgYC2ypjlB0EiQi6wdKixMqukr6lBc0Vo+oOgjrM5ZQ=
google.golang.org/protobuf v1.34.2 h1:6xV6lTsCfpGD21XK49h7MhtcApnLqkfYgPcdHftf6hg=
google.golang.org/protobuf v1.34.2/go.mod h1:qYOHts0dSfpeUzUFpOMr/WGzszTmLH+DiWniOlNbLDw=
gopkg.in/check.v1 v0.0.0-20161208181325-20d25e280405/go.mod h1:Co6ibVJAznAaIkqp8huTwlJQCZ016jof/cbN4VW5Yz0=
gopkg.in/check.v1 v1.0.0-20180628173108-788fd7840127/go.mod h1:Co6ibVJAznAaIkqp8huTwlJQCZ016jof/cbN4VW5Yz0=
gopkg.in/check.v1 v1.0.0-20201130134442-10cb98267c6c/go.mod h1:JHkPIbrfpd72SG/EVd6muEfDQjcINNoR0C8j2r3qZ4Q=
gopkg.in/errgo.v2 v2.1.0/go.mod h1:hNsd1EY+bozCKY1Ytp96fpM3vjJbqLJn88ws8XvfDNI=
gopkg.in/yaml.v3 v3.0.0-20200313102051-9f266ea9e77c/go.mod h1:K4uyk7z7BCEPqu6E+C64Yfv1cQ7kz7rIZviUmN+EgEM=
gopkg.in/yaml.v3 v3.0.1 h1:fxVm/GzAzEWqLHuvctI91KS9hhNmmWOoWu0XTYJS7CA=
gopkg.in/yaml.v3 v3.0.1/go.mod h1:K4uyk7z7BCEPqu6E+C64Yfv1cQ7kz7rIZviUmN+EgEM=
maragu.dev/env v0.2.0 h1:nQKitDEB65ArZsh6E7vxzodOqY9bxEVFdBg+tskS1ys=
maragu.dev/env v0.2.0/go.mod h1:t5CCbaEnjCM5mewiAVVzTS4N+oXTus2+SRnzKQbQVME=
maragu.dev/errors v0.3.0 h1:huI+n+ddMfVgQFD+cEqIPaozUlfz3TkfgpkssNip5G0=
maragu.dev/errors v0.3.0/go.mod h1:cygLiyNnq4ofF3whYscilo2ecUADCaUQXwvwFrMOhmM=
maragu.dev/gomponents v1.2.0 h1:H7/N5htz1GCnhu0HB1GasluWeU2rJZOYztVEyN61iTc=
maragu.dev/gomponents v1.2.0/go.mod h1:oEDahza2gZoXDoDHhw8jBNgH+3UR5ni7Ur648HORydM=
maragu.dev/goqite v0.3.2-0.20250625131501-cacb23e73698 h1:YOYmPULitPx/pJwVM149HRq+J842ZLYrigw2ayWHzH4=
maragu.dev/goqite v0.3.2-0.20250625131501-cacb23e73698/go.mod h1:XyHGEHLWlTZQNi6nsyHX6rY4ynszz0aQnwXN1AWwI6U=
maragu.dev/httph v0.3.7 h1:/Yj0t53JqBjhtWJ5iXuyfbdsGgjcGVivlW7pIXogooU=
maragu.dev/httph v0.3.7/go.mod h1:AT47ZSGzZfTgrA34lDWjV+J6tT37MX7+zH8HHuy5XbU=
maragu.dev/is v0.3.1 h1:1sj4Ewc9Ecqtvp1Aro+kRCpnuu4D5CB8w//GOfM7jFs=
maragu.dev/is v0.3.1/go.mod h1:bviaM5S0fBshCw7wuumFGTju/izopZ/Yvq4g7Klc7y8=
maragu.dev/migrate v0.6.0 h1:gJLAIVaRh9z9sN55Q2sWwScpEH+JsT6N0L1DnzedXFE=
maragu.dev/migrate v0.6.0/go.mod h1:TdZBD5wRvBbzLocsSV08kyvLiLCn0Q6DvgYHmyygWVQ=
